<?xml version="1.0" encoding="utf-8"?>
<Project ToolsVersion="4.0" xmlns="http://schemas.microsoft.com/developer/msbuild/2003">
  <ItemGroup>
    <ClCompile Include="enemy.cpp">
      <Filter>ソースファイル\enemy</Filter>
    </ClCompile>
    <ClCompile Include="enemy_dynamic.cpp">
      <Filter>ソースファイル\enemy</Filter>
    </ClCompile>
    <ClCompile Include="enemy_static.cpp">
      <Filter>ソースファイル\enemy</Filter>
    </ClCompile>
    <ClCompile Include="tool.cpp">
      <Filter>ソースファイル\tool</Filter>
    </ClCompile>
    <ClCompile Include="renderer.cpp">
      <Filter>ソースファイル\texture</Filter>
    </ClCompile>
    <ClCompile Include="sprite.cpp">
      <Filter>ソースファイル\texture</Filter>
    </ClCompile>
    <ClCompile Include="texture.cpp">
      <Filter>ソースファイル\texture</Filter>
    </ClCompile>
    <ClCompile Include="sound.cpp">
      <Filter>ソースファイル\sound</Filter>
    </ClCompile>
    <ClCompile Include="directx_controller.cpp">
      <Filter>ソースファイル\input</Filter>
    </ClCompile>
    <ClCompile Include="keyboard.cpp">
      <Filter>ソースファイル\input</Filter>
    </ClCompile>
    <ClCompile Include="Xinput_controller.cpp">
      <Filter>ソースファイル\input</Filter>
    </ClCompile>
    <ClCompile Include="player.cpp">
      <Filter>ソースファイル\player</Filter>
    </ClCompile>
    <ClCompile Include="player_position.cpp">
      <Filter>ソースファイル\player</Filter>
    </ClCompile>
    <ClCompile Include="player_stamina.cpp">
      <Filter>ソースファイル\player</Filter>
    </ClCompile>
    <ClCompile Include="anchor.cpp">
      <Filter>ソースファイル\anchor</Filter>
    </ClCompile>
    <ClCompile Include="anchor_spirit.cpp">
      <Filter>ソースファイル\anchor</Filter>
    </ClCompile>
    <ClCompile Include="anchor_point.cpp">
      <Filter>ソースファイル\anchor</Filter>
    </ClCompile>
    <ClCompile Include="game.cpp">
      <Filter>ソースファイル</Filter>
    </ClCompile>
    <ClCompile Include="main.cpp">
      <Filter>ソースファイル</Filter>
    </ClCompile>
    <ClCompile Include="one-way_platform.cpp">
      <Filter>ソースファイル\object</Filter>
    </ClCompile>
    <ClCompile Include="static_to_dynamic_block.cpp">
      <Filter>ソースファイル\object</Filter>
    </ClCompile>
    <ClCompile Include="wood.cpp">
      <Filter>ソースファイル\object</Filter>
    </ClCompile>
    <ClCompile Include="rock.cpp">
      <Filter>ソースファイル\object</Filter>
    </ClCompile>
    <ClCompile Include="sloping_block.cpp">
      <Filter>ソースファイル\object</Filter>
    </ClCompile>
    <ClCompile Include="display.cpp">
      <Filter>ソースファイル</Filter>
    </ClCompile>
    <ClCompile Include="create_filter.cpp">
      <Filter>ソースファイル\collider</Filter>
    </ClCompile>
    <ClCompile Include="object_manager.cpp">
      <Filter>ソースファイル\object</Filter>
    </ClCompile>
    <ClCompile Include="player_life.cpp">
      <Filter>ソースファイル\player</Filter>
    </ClCompile>
    <ClCompile Include="result.cpp">
      <Filter>ソースファイル\scene</Filter>
    </ClCompile>
    <ClCompile Include="stage_select.cpp">
      <Filter>ソースファイル\scene</Filter>
    </ClCompile>
    <ClCompile Include="title.cpp">
      <Filter>ソースファイル\scene</Filter>
    </ClCompile>
    <ClCompile Include="debug.cpp">
      <Filter>ソースファイル\UI</Filter>
    </ClCompile>
    <ClCompile Include="UI_StaminaSpirit_Gauge.cpp">
      <Filter>ソースファイル\UI</Filter>
    </ClCompile>
    <ClCompile Include="word.cpp">
      <Filter>ソースファイル\UI</Filter>
    </ClCompile>
    <ClCompile Include="bg.cpp">
      <Filter>ソースファイル\field</Filter>
    </ClCompile>
    <ClCompile Include="field.cpp">
      <Filter>ソースファイル\field</Filter>
    </ClCompile>
    <ClCompile Include="ground.cpp">
      <Filter>ソースファイル\field</Filter>
    </ClCompile>
    <ClCompile Include="easing.cpp" />
    <ClCompile Include="Item_Manager.cpp" />
    <ClCompile Include="Item_SpeedUp.cpp" />
    <ClCompile Include="Item_Spirit.cpp" />
    <ClCompile Include="movable_ground.cpp" />
    <ClCompile Include="stage_point.cpp" />
    <ClCompile Include="stage_point_factory.cpp" />
    <ClCompile Include="stage_select_player.cpp" />
    <ClCompile Include="FixtureSizeCalculate.cpp" />
    <ClCompile Include="camera_shake.cpp" />
    <ClCompile Include="cri\common\source\CriSmpFramework_PC.cpp" />
    <ClCompile Include="cri\common\source\CriSmpInputDevice_PC.cpp" />
    <ClCompile Include="cri\common\source\CriSmpTimer_PC.cpp" />
    <ClCompile Include="cri\common\source\CriSmpVideoOutput_PC.cpp" />
    <ClCompile Include="enemy_floating.cpp" />
    <ClCompile Include="Item_Coin.cpp" />
    <ClCompile Include="Item_Coin_UI.cpp" />
    <ClCompile Include="player_UI.cpp" />
    <ClCompile Include="teleport_block.cpp" />
    <ClCompile Include="enemy_attack.cpp">
      <Filter>ソースファイル\enemy</Filter>
    </ClCompile>
  </ItemGroup>
  <ItemGroup>
    <ClInclude Include="enemy.h">
      <Filter>ヘッダーファイル\enemy</Filter>
    </ClInclude>
    <ClInclude Include="enemy_dynamic.h">
      <Filter>ヘッダーファイル\enemy</Filter>
    </ClInclude>
    <ClInclude Include="enemy_static.h">
      <Filter>ヘッダーファイル\enemy</Filter>
    </ClInclude>
    <ClInclude Include="directx_controller.h">
      <Filter>ヘッダーファイル\input</Filter>
    </ClInclude>
    <ClInclude Include="keyboard.h">
      <Filter>ヘッダーファイル\input</Filter>
    </ClInclude>
    <ClInclude Include="Xinput_controller.h">
      <Filter>ヘッダーファイル\input</Filter>
    </ClInclude>
    <ClInclude Include="player_position.h">
      <Filter>ヘッダーファイル\player</Filter>
    </ClInclude>
    <ClInclude Include="player.h">
      <Filter>ヘッダーファイル\player</Filter>
    </ClInclude>
    <ClInclude Include="player_stamina.h">
      <Filter>ヘッダーファイル\player</Filter>
    </ClInclude>
    <ClInclude Include="anchor.h">
      <Filter>ヘッダーファイル\anchor</Filter>
    </ClInclude>
    <ClInclude Include="anchor_point.h">
      <Filter>ヘッダーファイル\anchor</Filter>
    </ClInclude>
    <ClInclude Include="anchor_spirit.h">
      <Filter>ヘッダーファイル\anchor</Filter>
    </ClInclude>
    <ClInclude Include="collider_type.h">
      <Filter>ヘッダーファイル\collider</Filter>
    </ClInclude>
    <ClInclude Include="DirectXTex.h">
      <Filter>ヘッダーファイル\directX</Filter>
    </ClInclude>
    <ClInclude Include="game.h">
      <Filter>ヘッダーファイル</Filter>
    </ClInclude>
    <ClInclude Include="main.h">
      <Filter>ヘッダーファイル</Filter>
    </ClInclude>
    <ClInclude Include="sound.h">
      <Filter>ヘッダーファイル\sound</Filter>
    </ClInclude>
    <ClInclude Include="renderer.h">
      <Filter>ヘッダーファイル\texture</Filter>
    </ClInclude>
    <ClInclude Include="sprite.h">
      <Filter>ヘッダーファイル\texture</Filter>
    </ClInclude>
    <ClInclude Include="texture.h">
      <Filter>ヘッダーファイル\texture</Filter>
    </ClInclude>
    <ClInclude Include="tool.h">
      <Filter>ヘッダーファイル\tool</Filter>
    </ClInclude>
    <ClInclude Include="world_box2d.h">
      <Filter>ヘッダーファイル</Filter>
    </ClInclude>
    <ClInclude Include="one-way_platform.h">
      <Filter>ヘッダーファイル\object</Filter>
    </ClInclude>
    <ClInclude Include="static_to_dynamic_block.h">
      <Filter>ヘッダーファイル\object</Filter>
    </ClInclude>
    <ClInclude Include="sloping_block.h">
      <Filter>ヘッダーファイル\object</Filter>
    </ClInclude>
    <ClInclude Include="wood.h">
      <Filter>ヘッダーファイル\object</Filter>
    </ClInclude>
    <ClInclude Include="rock.h">
      <Filter>ヘッダーファイル\object</Filter>
    </ClInclude>
    <ClInclude Include="display.h">
      <Filter>ヘッダーファイル</Filter>
    </ClInclude>
    <ClInclude Include="contactlist.h">
      <Filter>ヘッダーファイル\collider</Filter>
    </ClInclude>
    <ClInclude Include="create_filter.h">
      <Filter>ヘッダーファイル\collider</Filter>
    </ClInclude>
    <ClInclude Include="object_manager.h">
      <Filter>ヘッダーファイル\object</Filter>
    </ClInclude>
    <ClInclude Include="player_life.h">
      <Filter>ヘッダーファイル\player</Filter>
    </ClInclude>
    <ClInclude Include="scene.h">
      <Filter>ヘッダーファイル\scene</Filter>
    </ClInclude>
    <ClInclude Include="debug.h">
      <Filter>ヘッダーファイル\UI</Filter>
    </ClInclude>
    <ClInclude Include="UI_StaminaSpirit_Gauge.h">
      <Filter>ヘッダーファイル\UI</Filter>
    </ClInclude>
    <ClInclude Include="word.h">
      <Filter>ヘッダーファイル\UI</Filter>
    </ClInclude>
    <ClInclude Include="field.h">
      <Filter>ヘッダーファイル\field</Filter>
    </ClInclude>
    <ClInclude Include="bg.h">
      <Filter>ヘッダーファイル\field</Filter>
    </ClInclude>
    <ClInclude Include="ground.h">
      <Filter>ヘッダーファイル\field</Filter>
    </ClInclude>
    <ClInclude Include="easing.h" />
    <ClInclude Include="Item_Manager.h" />
    <ClInclude Include="Item_SpeedUp.h" />
    <ClInclude Include="Item_Spirit.h" />
    <ClInclude Include="movable_ground.h" />
    <ClInclude Include="stage_point.h" />
    <ClInclude Include="stage_point_factory.h" />
    <ClInclude Include="stage_select.h" />
    <ClInclude Include="stage_select_contact_list.h" />
    <ClInclude Include="stage_select_player.h" />
    <ClInclude Include="FixtureSizeCalculate.h" />
    <ClInclude Include="camera_shake.h" />
    <ClInclude Include="cri\common\include\CriSmpFramework.h" />
    <ClInclude Include="cri\common\include\CriSmpInputDevice.h" />
    <ClInclude Include="cri\common\include\CriSmpTimer.h" />
    <ClInclude Include="cri\common\include\CriSmpVideoOutput.h" />
    <ClInclude Include="enemy_floating.h" />
    <ClInclude Include="hit_stop.h" />
    <ClInclude Include="Item_Coin.h" />
    <ClInclude Include="Item_Coin_UI.h" />
    <ClInclude Include="player_UI.h" />
    <ClInclude Include="teleport_block.h" />
    <ClInclude Include="enemy_attack.h">
      <Filter>ヘッダーファイル\enemy</Filter>
    </ClInclude>
  </ItemGroup>
  <ItemGroup>
    <Filter Include="ソースファイル">
      <UniqueIdentifier>{e552e09c-1492-4a05-8046-68869754d300}</UniqueIdentifier>
    </Filter>
    <Filter Include="ソースファイル\collider">
      <UniqueIdentifier>{3fd77280-333d-4ad3-8279-d99e54183f14}</UniqueIdentifier>
    </Filter>
    <Filter Include="ソースファイル\enemy">
      <UniqueIdentifier>{449c4611-f9f5-4873-98c3-ea9134f470a1}</UniqueIdentifier>
    </Filter>
    <Filter Include="ソースファイル\tool">
      <UniqueIdentifier>{fea3fbc9-4aaa-4920-8abd-a2bbf52054b0}</UniqueIdentifier>
    </Filter>
    <Filter Include="ソースファイル\texture">
      <UniqueIdentifier>{cade76b6-a94f-4c02-b6e1-c20ba9f5af59}</UniqueIdentifier>
    </Filter>
    <Filter Include="ソースファイル\input">
      <UniqueIdentifier>{ce16dc1e-df1d-461c-a9fa-82deb5fe9856}</UniqueIdentifier>
    </Filter>
    <Filter Include="ソースファイル\player">
      <UniqueIdentifier>{55b42d94-28d7-4858-adda-74a9bd76bf77}</UniqueIdentifier>
    </Filter>
    <Filter Include="ヘッダーファイル">
      <UniqueIdentifier>{47f9f94f-22fa-4d75-84c2-d4b2c468ae52}</UniqueIdentifier>
    </Filter>
    <Filter Include="ヘッダーファイル\collider">
      <UniqueIdentifier>{26182050-162e-460c-8754-971b73e66f42}</UniqueIdentifier>
    </Filter>
    <Filter Include="ヘッダーファイル\enemy">
      <UniqueIdentifier>{dfac5af1-c450-454c-bd96-709851f6eddd}</UniqueIdentifier>
    </Filter>
    <Filter Include="ヘッダーファイル\input">
      <UniqueIdentifier>{61256607-612a-4bb8-a453-e0716607cf2e}</UniqueIdentifier>
    </Filter>
    <Filter Include="ヘッダーファイル\player">
      <UniqueIdentifier>{fd76f8cb-0699-4ba1-955b-8e260134a8dc}</UniqueIdentifier>
    </Filter>
    <Filter Include="ソースファイル\anchor">
      <UniqueIdentifier>{8bbf0fad-991b-4142-815e-e775d90763be}</UniqueIdentifier>
    </Filter>
    <Filter Include="ヘッダーファイル\anchor">
      <UniqueIdentifier>{df9b1047-923e-4421-9024-62aaff9a486f}</UniqueIdentifier>
    </Filter>
    <Filter Include="ヘッダーファイル\directX">
      <UniqueIdentifier>{dc0ede73-ff59-48e1-9368-a3838ee53ee8}</UniqueIdentifier>
    </Filter>
    <Filter Include="ヘッダーファイル\sound">
      <UniqueIdentifier>{5a60f97b-bc8b-48e6-bea5-59ddb212d651}</UniqueIdentifier>
    </Filter>
    <Filter Include="ソースファイル\sound">
      <UniqueIdentifier>{6d557dc9-0f69-405a-9136-aa94ed2e1f11}</UniqueIdentifier>
    </Filter>
    <Filter Include="ヘッダーファイル\texture">
      <UniqueIdentifier>{63aa5bbf-d76f-4b36-bc53-6c8eeb7cc6a9}</UniqueIdentifier>
    </Filter>
    <Filter Include="ヘッダーファイル\tool">
      <UniqueIdentifier>{5fdfbd81-8314-4e2f-ab6c-1474b0c022e6}</UniqueIdentifier>
    </Filter>
    <Filter Include="リソースファイル">
      <UniqueIdentifier>{0e2c73d9-6e34-4b29-9fe5-5c0987204aa3}</UniqueIdentifier>
    </Filter>
    <Filter Include="ソースファイル\object">
      <UniqueIdentifier>{584bb0d9-b9ec-4b93-b982-9b951f8a29b9}</UniqueIdentifier>
    </Filter>
    <Filter Include="ヘッダーファイル\object">
      <UniqueIdentifier>{375416ea-b702-4b0c-a96d-b3b0598669b7}</UniqueIdentifier>
    </Filter>
    <Filter Include="ソースファイル\scene">
      <UniqueIdentifier>{00afac6e-7fa8-4a2c-965b-d451b9feaa16}</UniqueIdentifier>
    </Filter>
    <Filter Include="ヘッダーファイル\scene">
      <UniqueIdentifier>{edf1b41c-e4e9-475d-9d54-2a62ab4276bc}</UniqueIdentifier>
    </Filter>
    <Filter Include="ヘッダーファイル\UI">
      <UniqueIdentifier>{a6142faf-f4f6-40d1-bac9-2c0ff68409e0}</UniqueIdentifier>
    </Filter>
    <Filter Include="ソースファイル\UI">
      <UniqueIdentifier>{05e024a7-2808-4a5e-b53d-065900fc716b}</UniqueIdentifier>
    </Filter>
    <Filter Include="ソースファイル\field">
      <UniqueIdentifier>{0e4f2319-2617-44e5-8ba6-9e7587da3c12}</UniqueIdentifier>
    </Filter>
    <Filter Include="ヘッダーファイル\field">
      <UniqueIdentifier>{f488acad-3d4e-42c5-83e1-fe9247782d38}</UniqueIdentifier>
    </Filter>
  </ItemGroup>
</Project>